$begin 'ConnectionParameters'
	DesktopProcessID=17588
	DesktopProcessPath='C:\\Program Files\\AnsysEM\\AnsysEM18.0\\Win64\\ansysedt.exe'
	LaunchedByWB=false
	$begin 'DesktopStubBlock'
		$begin 'CommDetails'
			TransportType=1
			IPAddress='10.1.121.198'
			ListenPort='61529'
			IPAddressVector[2: '192.168.152.1', '192.168.254.1']
		$end 'CommDetails'
		$begin 'Marshall'
			InstanceID=503
			ProcID=17588
			InterfaceID=1
			FactoryIntID='DesktopInterfaceForWBProxyStubFactory'
		$end 'Marshall'
	$end 'DesktopStubBlock'
	$begin 'DesktopBackgroundObjStubBlock'
		$begin 'CommDetails'
			TransportType=1
			IPAddress='10.1.121.198'
			ListenPort='61529'
			IPAddressVector[2: '192.168.152.1', '192.168.254.1']
		$end 'CommDetails'
		$begin 'Marshall'
			InstanceID=505
			ProcID=17588
			InterfaceID=2
			FactoryIntID='DesktopInterfaceForWBProxyStubFactory'
		$end 'Marshall'
	$end 'DesktopBackgroundObjStubBlock'
$end 'ConnectionParameters'
